{
  "originHash" : "0ea64f3ed791f7a0b6007fbb226b2fc4baa287937256a2eee192e5ce0606cbe8",
  "pins" : [
    {
      "identity" : "apollo-ios",
      "kind" : "remoteSourceControl",
      "location" : "https://github.com/apollographql/apollo-ios.git",
      "state" : {
        "revision" : "562ee4185a8ecc7fbdef285e868c56e2fa1aa9db",
        "version" : "2.0.0"
      }
    },
    {
      "identity" : "swift-collections",
      "kind" : "remoteSourceControl",
      "location" : "https://github.com/apple/swift-collections",
      "state" : {
        "revision" : "937e904258d22af6e447a0b72c0bc67583ef64a2",
        "version" : "1.0.4"
      }
    }
  ],
  "version" : 3
}
